{
  "name": "tmp.Kv7m2LVPWV",
  "lockfileVersion": 3,
  "requires": true,
  "packages": {
    "": {
      "dependencies": {
        "monaco-editor": "^0.23.0"
      }
    },
    "node_modules/monaco-editor": {
      "version": "0.23.0",
      "resolved": "https://registry.npmjs.org/monaco-editor/-/monaco-editor-0.23.0.tgz",
      "integrity": "sha512-q+CP5zMR/aFiMTE9QlIavGyGicKnG2v/H8qVvybLzeFsARM8f6G9fL0sMST2tyVYCwDKkGamZUI6647A0jR/Lg==",
      "license": "MIT"
    }
  }
}
